// !$*UTF8*$!
{
	archiveVersion = 1;
	classes = {
	};
	objectVersion = 77;
	objects = {

/* Begin PBXBuildFile section */
		FAD5066A2FD9EEE300579162 /* SDWebImageSwiftUI in Frameworks */ = {isa = PBXBuildFile; productRef = FAD506692FD9EEE300579162 /* SDWebImageSwiftUI */; };
/* End PBXBuildFile section */

/* Begin PBXContainerItemProxy section */
		FAB0B3F22FD96CD40097D243 /* PBXContainerItemProxy */ = {
			isa = PBXContainerItemProxy;
			containerPortal = FAB0B3DC2FD96CD10097D243 /* Project object */;
			proxyType = 1;
			remoteGlobalIDString = FAB0B3E32FD96CD20097D243;
			remoteInfo = PeopelInteractiveAssessDeveshPandeyIOS;
		};
		FAB0B3FC2FD96CD40097D243 /* PBXContainerItemProxy */ = {
			isa = PBXContainerItemProxy;
			containerPortal = FAB0B3DC2FD96CD10097D243 /* Project object */;
			proxyType = 1;
			remoteGlobalIDString = FAB0B3E32FD96CD20097D243;
			remoteInfo = PeopelInteractiveAssessDeveshPandeyIOS;
		};
/* End PBXContainerItemProxy section */

/* Begin PBXFileReference section */
		FAB0B3E42FD96CD20097D243 /* PeopelInteractiveAssessDeveshPandeyIOS.app */ = {isa = PBXFileReference; explicitFileType = wrapper.application; includeInIndex = 0; path = PeopelInteractiveAssessDeveshPandeyIOS.app; sourceTree = BUILT_PRODUCTS_DIR; };
		FAB0B3F12FD96CD40097D243 /* PeopelInteractiveAssessDeveshPandeyIOSTests.xctest */ = {isa = PBXFileReference; explicitFileType = wrapper.cfbundle; includeInIndex = 0; path = PeopelInteractiveAssessDeveshPandeyIOSTests.xctest; sourceTree = BUILT_PRODUCTS_DIR; };
		FAB0B3FB2FD96CD40097D243 /* PeopelInteractiveAssessDeveshPandeyIOSUITests.xctest */ = {isa = PBXFileReference; explicitFileType = wrapper.cfbundle; includeInIndex = 0; path = PeopelInteractiveAssessDeveshPandeyIOSUITests.xctest; sourceTree = BUILT_PRODUCTS_DIR; };
/* End PBXFileReference section */

/* Begin PBXFileSystemSynchronizedBuildFileExceptionSet section */
		FA939F982FDB5A4F007FDEEA /* Exceptions for "PeopelInteractiveAssessDeveshPandeyIOS" folder in "PeopelInteractiveAssessDeveshPandeyIOS" target */ = {
			isa = PBXFileSystemSynchronizedBuildFileExceptionSet;
			membershipExceptions = (
				Info.plist,
			);
			target = FAB0B3E32FD96CD20097D243 /* PeopelInteractiveAssessDeveshPandeyIOS */;
		};
/* End PBXFileSystemSynchronizedBuildFileExceptionSet section */

/* Begin PBXFileSystemSynchronizedRootGroup section */
		FAB0B3E62FD96CD20097D243 /* PeopelInteractiveAssessDeveshPandeyIOS */ = {
			isa = PBXFileSystemSynchronizedRootGroup;
			exceptions = (
				FA939F982FDB5A4F007FDEEA /* Exceptions for "PeopelInteractiveAssessDeveshPandeyIOS" folder in "PeopelInteractiveAssessDeveshPandeyIOS" target */,
			);
			path = PeopelInteractiveAssessDeveshPandeyIOS;
			sourceTree = "<group>";
		};
		FAB0B3F42FD96CD40097D243 /* PeopelInteractiveAssessDeveshPandeyIOSTests */ = {
			isa = PBXFileSystemSynchronizedRootGroup;
			path = PeopelInteractiveAssessDeveshPandeyIOSTests;
			sourceTree = "<group>";
		};
		FAB0B3FE2FD96CD40097D243 /* PeopelInteractiveAssessDeveshPandeyIOSUITests */ = {
			isa = PBXFileSystemSynchronizedRootGroup;
			path = PeopelInteractiveAssessDeveshPandeyIOSUITests;
			sourceTree = "<group>";
		};
/* End PBXFileSystemSynchronizedRootGroup section */

/* Begin PBXFrameworksBuildPhase section */
		FAB0B3E12FD96CD20097D243 /* Frameworks */ = {
			isa = PBXFrameworksBuildPhase;
			buildActionMask = 2147483647;
			files = (
				FAD5066A2FD9EEE300579162 /* SDWebImageSwiftUI in Frameworks */,
			);
			runOnlyForDeploymentPostprocessing = 0;
		};
		FAB0B3EE2FD96CD40097D243 /* Frameworks */ = {
			isa = PBXFrameworksBuildPhase;
			buildActionMask = 2147483647;
			files = (
			);
			runOnlyForDeploymentPostprocessing = 0;
		};
		FAB0B3F82FD96CD40097D243 /* Frameworks */ = {
			isa = PBXFrameworksBuildPhase;
			buildActionMask = 2147483647;
			files = (
			);
			runOnlyForDeploymentPostprocessing = 0;
		};
/* End PBXFrameworksBuildPhase section */

/* Begin PBXGroup section */
		FAB0B3DB2FD96CD10097D243 = {
			isa = PBXGroup;
			children = (
				FAB0B3E62FD96CD20097D243 /* PeopelInteractiveAssessDeveshPandeyIOS */,
				FAB0B3F42FD96CD40097D243 /* PeopelInteractiveAssessDeveshPandeyIOSTests */,
				FAB0B3FE2FD96CD40097D243 /* PeopelInteractiveAssessDeveshPandeyIOSUITests */,
				FAB0B3E52FD96CD20097D243 /* Products */,
			);
			sourceTree = "<group>";
		};
		FAB0B3E52FD96CD20097D243 /* Products */ = {
			isa = PBXGroup;
			children = (
				FAB0B3E42FD96CD20097D243 /* PeopelInteractiveAssessDeveshPandeyIOS.app */,
				FAB0B3F12FD96CD40097D243 /* PeopelInteractiveAssessDeveshPandeyIOSTests.xctest */,
				FAB0B3FB2FD96CD40097D243 /* PeopelInteractiveAssessDeveshPandeyIOSUITests.xctest */,
			);
			name = Products;
			sourceTree = "<group>";
		};
/* End PBXGroup section */

/* Begin PBXNativeTarget section */
		FAB0B3E32FD96CD20097D243 /* PeopelInteractiveAssessDeveshPandeyIOS */ = {
			isa = PBXNativeTarget;
			buildConfigurationList = FAB0B4052FD96CD40097D243 /* Build configuration list for PBXNativeTarget "PeopelInteractiveAssessDeveshPandeyIOS" */;
			buildPhases = (
				FAB0B3E02FD96CD20097D243 /* Sources */,
				FAB0B3E12FD96CD20097D243 /* Frameworks */,
				FAB0B3E22FD96CD20097D243 /* Resources */,
			);
			buildRules = (
			);
			dependencies = (
			);
			fileSystemSynchronizedGroups = (
				FAB0B3E62FD96CD20097D243 /* PeopelInteractiveAssessDeveshPandeyIOS */,
			);
			name = PeopelInteractiveAssessDeveshPandeyIOS;
			packageProductDependencies = (
				FAD506692FD9EEE300579162 /* SDWebImageSwiftUI */,
			);
			productName = PeopelInteractiveAssessDeveshPandeyIOS;
			productReference = FAB0B3E42FD96CD20097D243 /* PeopelInteractiveAssessDeveshPandeyIOS.app */;
			productType = "com.apple.product-type.application";
		};
		FAB0B3F02FD96CD40097D243 /* PeopelInteractiveAssessDeveshPandeyIOSTests */ = {
			isa = PBXNativeTarget;
			buildConfigurationList = FAB0B4082FD96CD40097D243 /* Build configuration list for PBXNativeTarget "PeopelInteractiveAssessDeveshPandeyIOSTests" */;
			buildPhases = (
				FAB0B3ED2FD96CD40097D243 /* Sources */,
				FAB0B3EE2FD96CD40097D243 /* Frameworks */,
				FAB0B3EF2FD96CD40097D243 /* Resources */,
			);
			buildRules = (
			);
			dependencies = (
				FAB0B3F32FD96CD40097D243 /* PBXTargetDependency */,
			);
			fileSystemSynchronizedGroups = (
				FAB0B3F42FD96CD40097D243 /* PeopelInteractiveAssessDeveshPandeyIOSTests */,
			);
			name = PeopelInteractiveAssessDeveshPandeyIOSTests;
			packageProductDependencies = (
			);
			productName = PeopelInteractiveAssessDeveshPandeyIOSTests;
			productReference = FAB0B3F12FD96CD40097D243 /* PeopelInteractiveAssessDeveshPandeyIOSTests.xctest */;
			productType = "com.apple.product-type.bundle.unit-test";
		};
		FAB0B3FA2FD96CD40097D243 /* PeopelInteractiveAssessDeveshPandeyIOSUITests */ = {
			isa = PBXNativeTarget;
			buildConfigurationList = FAB0B40B2FD96CD40097D243 /* Build configuration list for PBXNativeTarget "PeopelInteractiveAssessDeveshPandeyIOSUITests" */;
			buildPhases = (
				FAB0B3F72FD96CD40097D243 /* Sources */,
				FAB0B3F82FD96CD40097D243 /* Frameworks */,
				FAB0B3F92FD96CD40097D243 /* Resources */,
			);
			buildRules = (
			);
			dependencies = (
				FAB0B3FD2FD96CD40097D243 /* PBXTargetDependency */,
			);
			fileSystemSynchronizedGroups = (
				FAB0B3FE2FD96CD40097D243 /* PeopelInteractiveAssessDeveshPandeyIOSUITests */,
			);
			name = PeopelInteractiveAssessDeveshPandeyIOSUITests;
			packageProductDependencies = (
			);
			productName = PeopelInteractiveAssessDeveshPandeyIOSUITests;
			productReference = FAB0B3FB2FD96CD40097D243 /* PeopelInteractiveAssessDeveshPandeyIOSUITests.xctest */;
			productType = "com.apple.product-type.bundle.ui-testing";
		};
/* End PBXNativeTarget section */

/* Begin PBXProject section */
		FAB0B3DC2FD96CD10097D243 /* Project object */ = {
			isa = PBXProject;
			attributes = {
				BuildIndependentTargetsInParallel = 1;
				LastSwiftUpdateCheck = 2650;
				LastUpgradeCheck = 2650;
				TargetAttributes = {
					FAB0B3E32FD96CD20097D243 = {
						CreatedOnToolsVersion = 26.5;
					};
					FAB0B3F02FD96CD40097D243 = {
						CreatedOnToolsVersion = 26.5;
						TestTargetID = FAB0B3E32FD96CD20097D243;
					};
					FAB0B3FA2FD96CD40097D243 = {
						CreatedOnToolsVersion = 26.5;
						TestTargetID = FAB0B3E32FD96CD20097D243;
					};
				};
			};
			buildConfigurationList = FAB0B3DF2FD96CD10097D243 /* Build configuration list for PBXProject "PeopelInteractiveAssessDeveshPandeyIOS" */;
			developmentRegion = en;
			hasScannedForEncodings = 0;
			knownRegions = (
				en,
				Base,
			);
			mainGroup = FAB0B3DB2FD96CD10097D243;
			minimizedProjectReferenceProxies = 1;
			packageReferences = (
				FAD506682FD9EEE300579162 /* XCRemoteSwiftPackageReference "SDWebImageSwiftUI" */,
			);
			preferredProjectObjectVersion = 77;
			productRefGroup = FAB0B3E52FD96CD20097D243 /* Products */;
			projectDirPath = "";
			projectRoot = "";
			targets = (
				FAB0B3E32FD96CD20097D243 /* PeopelInteractiveAssessDeveshPandeyIOS */,
				FAB0B3F02FD96CD40097D243 /* PeopelInteractiveAssessDeveshPandeyIOSTests */,
				FAB0B3FA2FD96CD40097D243 /* PeopelInteractiveAssessDeveshPandeyIOSUITests */,
			);
		};
/* End PBXProject section */

/* Begin PBXResourcesBuildPhase section */
		FAB0B3E22FD96CD20097D243 /* Resources */ = {
			isa = PBXResourcesBuildPhase;
			buildActionMask = 2147483647;
			files = (
			);
			runOnlyForDeploymentPostprocessing = 0;
		};
		FAB0B3EF2FD96CD40097D243 /* Resources */ = {
			isa = PBXResourcesBuildPhase;
			buildActionMask = 2147483647;
			files = (
			);
			runOnlyForDeploymentPostprocessing = 0;
		};
		FAB0B3F92FD96CD40097D243 /* Resources */ = {
			isa = PBXResourcesBuildPhase;
			buildActionMask = 2147483647;
			files = (
			);
			runOnlyForDeploymentPostprocessing = 0;
		};
/* End PBXResourcesBuildPhase section */

/* Begin PBXSourcesBuildPhase section */
		FAB0B3E02FD96CD20097D243 /* Sources */ = {
			isa = PBXSourcesBuildPhase;
			buildActionMask = 2147483647;
			files = (
			);
			runOnlyForDeploymentPostprocessing = 0;
		};
		FAB0B3ED2FD96CD40097D243 /* Sources */ = {
			isa = PBXSourcesBuildPhase;
			buildActionMask = 2147483647;
			files = (
			);
			runOnlyForDeploymentPostprocessing = 0;
		};
		FAB0B3F72FD96CD40097D243 /* Sources */ = {
			isa = PBXSourcesBuildPhase;
			buildActionMask = 2147483647;
			files = (
			);
			runOnlyForDeploymentPostprocessing = 0;
		};
/* End PBXSourcesBuildPhase section */

/* Begin PBXTargetDependency section */
		FAB0B3F32FD96CD40097D243 /* PBXTargetDependency */ = {
			isa = PBXTargetDependency;
			target = FAB0B3E32FD96CD20097D243 /* PeopelInteractiveAssessDeveshPandeyIOS */;
			targetProxy = FAB0B3F22FD96CD40097D243 /* PBXContainerItemProxy */;
		};
		FAB0B3FD2FD96CD40097D243 /* PBXTargetDependency */ = {
			isa = PBXTargetDependency;
			target = FAB0B3E32FD96CD20097D243 /* PeopelInteractiveAssessDeveshPandeyIOS */;
			targetProxy = FAB0B3FC2FD96CD40097D243 /* PBXContainerItemProxy */;
		};
/* End PBXTargetDependency section */

/* Begin XCBuildConfiguration section */
		FAB0B4032FD96CD40097D243 /* Debug */ = {
			isa = XCBuildConfiguration;
			buildSettings = {
				ALWAYS_SEARCH_USER_PATHS = NO;
				ASSETCATALOG_COMPILER_GENERATE_SWIFT_ASSET_SYMBOL_EXTENSIONS = YES;
				CLANG_ANALYZER_NONNULL = YES;
				CLANG_ANALYZER_NUMBER_OBJECT_CONVERSION = YES_AGGRESSIVE;
				CLANG_CXX_LANGUAGE_STANDARD = "gnu++20";
				CLANG_ENABLE_MODULES = YES;
				CLANG_ENABLE_OBJC_ARC = YES;
				CLANG_ENABLE_OBJC_WEAK = YES;
				CLANG_WARN_BLOCK_CAPTURE_AUTORELEASING = YES;
				CLANG_WARN_BOOL_CONVERSION = YES;
				CLANG_WARN_COMMA = YES;
				CLANG_WARN_CONSTANT_CONVERSION = YES;
				CLANG_WARN_DEPRECATED_OBJC_IMPLEMENTATIONS = YES;
				CLANG_WARN_DIRECT_OBJC_ISA_USAGE = YES_ERROR;
				CLANG_WARN_DOCUMENTATION_COMMENTS = YES;
				CLANG_WARN_EMPTY_BODY = YES;
				CLANG_WARN_ENUM_CONVERSION = YES;
				CLANG_WARN_INFINITE_RECURSION = YES;
				CLANG_WARN_INT_CONVERSION = YES;
				CLANG_WARN_NON_LITERAL_NULL_CONVERSION = YES;
				CLANG_WARN_OBJC_IMPLICIT_RETAIN_SELF = YES;
				CLANG_WARN_OBJC_LITERAL_CONVERSION = YES;
				CLANG_WARN_OBJC_ROOT_CLASS = YES_ERROR;
				CLANG_WARN_QUOTED_INCLUDE_IN_FRAMEWORK_HEADER = YES;
				CLANG_WARN_RANGE_LOOP_ANALYSIS = YES;
				CLANG_WARN_STRICT_PROTOTYPES = YES;
				CLANG_WARN_SUSPICIOUS_MOVE = YES;
				CLANG_WARN_UNGUARDED_AVAILABILITY = YES_AGGRESSIVE;
				CLANG_WARN_UNREACHABLE_CODE = YES;
				CLANG_WARN__DUPLICATE_METHOD_MATCH = YES;
				COPY_PHASE_STRIP = NO;
				DEBUG_INFORMATION_FORMAT = dwarf;
				ENABLE_STRICT_OBJC_MSGSEND = YES;
				ENABLE_TESTABILITY = YES;
				ENABLE_USER_SCRIPT_SANDBOXING = YES;
				GCC_C_LANGUAGE_STANDARD = gnu17;
				GCC_DYNAMIC_NO_PIC = NO;
				GCC_NO_COMMON_BLOCKS = YES;
				GCC_OPTIMIZATION_LEVEL = 0;
				GCC_PREPROCESSOR_DEFINITIONS = (
					"DEBUG=1",
					"$(inherited)",
				);
				GCC_WARN_64_TO_32_BIT_CONVERSION = YES;
				GCC_WARN_ABOUT_RETURN_TYPE = YES_ERROR;
				GCC_WARN_UNDECLARED_SELECTOR = YES;
				GCC_WARN_UNINITIALIZED_AUTOS = YES_AGGRESSIVE;
				GCC_WARN_UNUSED_FUNCTION = YES;
				GCC_WARN_UNUSED_VARIABLE = YES;
				IPHONEOS_DEPLOYMENT_TARGET = 26.5;
				LOCALIZATION_PREFERS_STRING_CATALOGS = YES;
				MTL_ENABLE_DEBUG_INFO = INCLUDE_SOURCE;
				MTL_FAST_MATH = YES;
				ONLY_ACTIVE_ARCH = YES;
				SDKROOT = iphoneos;
				SWIFT_ACTIVE_COMPILATION_CONDITIONS = "DEBUG $(inherited)";
				SWIFT_OPTIMIZATION_LEVEL = "-Onone";
			};
			name = Debug;
		};
		FAB0B4042FD96CD40097D243 /* Release */ = {
			isa = XCBuildConfiguration;
			buildSettings = {
				ALWAYS_SEARCH_USER_PATHS = NO;
				ASSETCATALOG_COMPILER_GENERATE_SWIFT_ASSET_SYMBOL_EXTENSIONS = YES;
				CLANG_ANALYZER_NONNULL = YES;
				CLANG_ANALYZER_NUMBER_OBJECT_CONVERSION = YES_AGGRESSIVE;
				CLANG_CXX_LANGUAGE_STANDARD = "gnu++20";
				CLANG_ENABLE_MODULES = YES;
				CLANG_ENABLE_OBJC_ARC = YES;
				CLANG_ENABLE_OBJC_WEAK = YES;
				CLANG_WARN_BLOCK_CAPTURE_AUTORELEASING = YES;
				CLANG_WARN_BOOL_CONVERSION = YES;
				CLANG_WARN_COMMA = YES;
				CLANG_WARN_CONSTANT_CONVERSION = YES;
				CLANG_WARN_DEPRECATED_OBJC_IMPLEMENTATIONS = YES;
				CLANG_WARN_DIRECT_OBJC_ISA_USAGE = YES_ERROR;
				CLANG_WARN_DOCUMENTATION_COMMENTS = YES;
				CLANG_WARN_EMPTY_BODY = YES;
				CLANG_WARN_ENUM_CONVERSION = YES;
				CLANG_WARN_INFINITE_RECURSION = YES;
				CLANG_WARN_INT_CONVERSION = YES;
				CLANG_WARN_NON_LITERAL_NULL_CONVERSION = YES;
				CLANG_WARN_OBJC_IMPLICIT_RETAIN_SELF = YES;
				CLANG_WARN_OBJC_LITERAL_CONVERSION = YES;
				CLANG_WARN_OBJC_ROOT_CLASS = YES_ERROR;
				CLANG_WARN_QUOTED_INCLUDE_IN_FRAMEWORK_HEADER = YES;
				CLANG_WARN_RANGE_LOOP_ANALYSIS = YES;
				CLANG_WARN_STRICT_PROTOTYPES = YES;
				CLANG_WARN_SUSPICIOUS_MOVE = YES;
				CLANG_WARN_UNGUARDED_AVAILABILITY = YES_AGGRESSIVE;
				CLANG_WARN_UNREACHABLE_CODE = YES;
				CLANG_WARN__DUPLICATE_METHOD_MATCH = YES;
				COPY_PHASE_STRIP = NO;
				DEBUG_INFORMATION_FORMAT = "dwarf-with-dsym";
				ENABLE_NS_ASSERTIONS = NO;
				ENABLE_STRICT_OBJC_MSGSEND = YES;
				ENABLE_USER_SCRIPT_SANDBOXING = YES;
				GCC_C_LANGUAGE_STANDARD = gnu17;
				GCC_NO_COMMON_BLOCKS = YES;
				GCC_WARN_64_TO_32_BIT_CONVERSION = YES;
				GCC_WARN_ABOUT_RETURN_TYPE = YES_ERROR;
				GCC_WARN_UNDECLARED_SELECTOR = YES;
				GCC_WARN_UNINITIALIZED_AUTOS = YES_AGGRESSIVE;
				GCC_WARN_UNUSED_FUNCTION = YES;
				GCC_WARN_UNUSED_VARIABLE = YES;
				IPHONEOS_DEPLOYMENT_TARGET = 26.5;
				LOCALIZATION_PREFERS_STRING_CATALOGS = YES;
				MTL_ENABLE_DEBUG_INFO = NO;
				MTL_FAST_MATH = YES;
				SDKROOT = iphoneos;
				SWIFT_COMPILATION_MODE = wholemodule;
				VALIDATE_PRODUCT = YES;
			};
			name = Release;
		};
		FAB0B4062FD96CD40097D243 /* Debug */ = {
			isa = XCBuildConfiguration;
			buildSettings = {
				ASSETCATALOG_COMPILER_APPICON_NAME = AppIcon;
				ASSETCATALOG_COMPILER_GLOBAL_ACCENT_COLOR_NAME = AccentColor;
				CODE_SIGN_STYLE = Automatic;
				CURRENT_PROJECT_VERSION = 1;
				ENABLE_PREVIEWS = YES;
				GENERATE_INFOPLIST_FILE = YES;
				INFOPLIST_FILE = PeopelInteractiveAssessDeveshPandeyIOS/Info.plist;
				INFOPLIST_KEY_CFBundleDisplayName = "Match Karo";
				INFOPLIST_KEY_UIApplicationSceneManifest_Generation = YES;
				INFOPLIST_KEY_UIApplicationSupportsIndirectInputEvents = YES;
				INFOPLIST_KEY_UISupportedInterfaceOrientations_iPad = "UIInterfaceOrientationPortrait UIInterfaceOrientationPortraitUpsideDown UIInterfaceOrientationLandscapeLeft UIInterfaceOrientationLandscapeRight";
				INFOPLIST_KEY_UISupportedInterfaceOrientations_iPhone = "UIInterfaceOrientationPortrait UIInterfaceOrientationLandscapeLeft UIInterfaceOrientationLandscapeRight";
				IPHONEOS_DEPLOYMENT_TARGET = 15.6;
				LD_RUNPATH_SEARCH_PATHS = (
					"$(inherited)",
					"@executable_path/Frameworks",
				);
				MARKETING_VERSION = 1.0;
				PRODUCT_BUNDLE_IDENTIFIER = com.devesh.PeopelInteractiveAssessDeveshPandeyIOS;
				PRODUCT_NAME = "$(TARGET_NAME)";
				STRING_CATALOG_GENERATE_SYMBOLS = YES;
				SWIFT_APPROACHABLE_CONCURRENCY = YES;
				SWIFT_DEFAULT_ACTOR_ISOLATION = MainActor;
				SWIFT_EMIT_LOC_STRINGS = YES;
				SWIFT_UPCOMING_FEATURE_MEMBER_IMPORT_VISIBILITY = YES;
				SWIFT_VERSION = 5.0;
				TARGETED_DEVICE_FAMILY = "1,2";
			};
			name = Debug;
		};
		FAB0B4072FD96CD40097D243 /* Release */ = {
			isa = XCBuildConfiguration;
			buildSettings = {
				ASSETCATALOG_COMPILER_APPICON_NAME = AppIcon;
				ASSETCATALOG_COMPILER_GLOBAL_ACCENT_COLOR_NAME = AccentColor;
				CODE_SIGN_STYLE = Automatic;
				CURRENT_PROJECT_VERSION = 1;
				ENABLE_PREVIEWS = YES;
				GENERATE_INFOPLIST_FILE = YES;
				INFOPLIST_FILE = PeopelInteractiveAssessDeveshPandeyIOS/Info.plist;
				INFOPLIST_KEY_CFBundleDisplayName = "Match Karo";
				INFOPLIST_KEY_UIApplicationSceneManifest_Generation = YES;
				INFOPLIST_KEY_UIApplicationSupportsIndirectInputEvents = YES;
				INFOPLIST_KEY_UISupportedInterfaceOrientations_iPad = "UIInterfaceOrientationPortrait UIInterfaceOrientationPortraitUpsideDown UIInterfaceOrientationLandscapeLeft UIInterfaceOrientationLandscapeRight";
				INFOPLIST_KEY_UISupportedInterfaceOrientations_iPhone = "UIInterfaceOrientationPortrait UIInterfaceOrientationLandscapeLeft UIInterfaceOrientationLandscapeRight";
				IPHONEOS_DEPLOYMENT_TARGET = 15.6;
				LD_RUNPATH_SEARCH_PATHS = (
					"$(inherited)",
					"@executable_path/Frameworks",
				);
				MARKETING_VERSION = 1.0;
				PRODUCT_BUNDLE_IDENTIFIER = com.devesh.PeopelInteractiveAssessDeveshPandeyIOS;
				PRODUCT_NAME = "$(TARGET_NAME)";
				STRING_CATALOG_GENERATE_SYMBOLS = YES;
				SWIFT_APPROACHABLE_CONCURRENCY = YES;
				SWIFT_DEFAULT_ACTOR_ISOLATION = MainActor;
				SWIFT_EMIT_LOC_STRINGS = YES;
				SWIFT_UPCOMING_FEATURE_MEMBER_IMPORT_VISIBILITY = YES;
				SWIFT_VERSION = 5.0;
				TARGETED_DEVICE_FAMILY = "1,2";
			};
			name = Release;
		};
		FAB0B4092FD96CD40097D243 /* Debug */ = {
			isa = XCBuildConfiguration;
			buildSettings = {
				BUNDLE_LOADER = "$(TEST_HOST)";
				CODE_SIGN_STYLE = Automatic;
				CURRENT_PROJECT_VERSION = 1;
				GENERATE_INFOPLIST_FILE = YES;
				IPHONEOS_DEPLOYMENT_TARGET = 26.5;
				MARKETING_VERSION = 1.0;
				PRODUCT_BUNDLE_IDENTIFIER = com.devesh.PeopelInteractiveAssessDeveshPandeyIOSTests;
				PRODUCT_NAME = "$(TARGET_NAME)";
				STRING_CATALOG_GENERATE_SYMBOLS = NO;
				SWIFT_APPROACHABLE_CONCURRENCY = YES;
				SWIFT_EMIT_LOC_STRINGS = NO;
				SWIFT_UPCOMING_FEATURE_MEMBER_IMPORT_VISIBILITY = YES;
				SWIFT_VERSION = 5.0;
				TARGETED_DEVICE_FAMILY = "1,2";
				TEST_HOST = "$(BUILT_PRODUCTS_DIR)/PeopelInteractiveAssessDeveshPandeyIOS.app/$(BUNDLE_EXECUTABLE_FOLDER_PATH)/PeopelInteractiveAssessDeveshPandeyIOS";
			};
			name = Debug;
		};
		FAB0B40A2FD96CD40097D243 /* Release */ = {
			isa = XCBuildConfiguration;
			buildSettings = {
				BUNDLE_LOADER = "$(TEST_HOST)";
				CODE_SIGN_STYLE = Automatic;
				CURRENT_PROJECT_VERSION = 1;
				GENERATE_INFOPLIST_FILE = YES;
				IPHONEOS_DEPLOYMENT_TARGET = 26.5;
				MARKETING_VERSION = 1.0;
				PRODUCT_BUNDLE_IDENTIFIER = com.devesh.PeopelInteractiveAssessDeveshPandeyIOSTests;
				PRODUCT_NAME = "$(TARGET_NAME)";
				STRING_CATALOG_GENERATE_SYMBOLS = NO;
				SWIFT_APPROACHABLE_CONCURRENCY = YES;
				SWIFT_EMIT_LOC_STRINGS = NO;
				SWIFT_UPCOMING_FEATURE_MEMBER_IMPORT_VISIBILITY = YES;
				SWIFT_VERSION = 5.0;
				TARGETED_DEVICE_FAMILY = "1,2";
				TEST_HOST = "$(BUILT_PRODUCTS_DIR)/PeopelInteractiveAssessDeveshPandeyIOS.app/$(BUNDLE_EXECUTABLE_FOLDER_PATH)/PeopelInteractiveAssessDeveshPandeyIOS";
			};
			name = Release;
		};
		FAB0B40C2FD96CD40097D243 /* Debug */ = {
			isa = XCBuildConfiguration;
			buildSettings = {
				CODE_SIGN_STYLE = Automatic;
				CURRENT_PROJECT_VERSION = 1;
				GENERATE_INFOPLIST_FILE = YES;
				MARKETING_VERSION = 1.0;
				PRODUCT_BUNDLE_IDENTIFIER = com.devesh.PeopelInteractiveAssessDeveshPandeyIOSUITests;
				PRODUCT_NAME = "$(TARGET_NAME)";
				STRING_CATALOG_GENERATE_SYMBOLS = NO;
				SWIFT_APPROACHABLE_CONCURRENCY = YES;
				SWIFT_EMIT_LOC_STRINGS = NO;
				SWIFT_UPCOMING_FEATURE_MEMBER_IMPORT_VISIBILITY = YES;
				SWIFT_VERSION = 5.0;
				TARGETED_DEVICE_FAMILY = "1,2";
				TEST_TARGET_NAME = PeopelInteractiveAssessDeveshPandeyIOS;
			};
			name = Debug;
		};
		FAB0B40D2FD96CD40097D243 /* Release */ = {
			isa = XCBuildConfiguration;
			buildSettings = {
				CODE_SIGN_STYLE = Automatic;
				CURRENT_PROJECT_VERSION = 1;
				GENERATE_INFOPLIST_FILE = YES;
				MARKETING_VERSION = 1.0;
				PRODUCT_BUNDLE_IDENTIFIER = com.devesh.PeopelInteractiveAssessDeveshPandeyIOSUITests;
				PRODUCT_NAME = "$(TARGET_NAME)";
				STRING_CATALOG_GENERATE_SYMBOLS = NO;
				SWIFT_APPROACHABLE_CONCURRENCY = YES;
				SWIFT_EMIT_LOC_STRINGS = NO;
				SWIFT_UPCOMING_FEATURE_MEMBER_IMPORT_VISIBILITY = YES;
				SWIFT_VERSION = 5.0;
				TARGETED_DEVICE_FAMILY = "1,2";
				TEST_TARGET_NAME = PeopelInteractiveAssessDeveshPandeyIOS;
			};
			name = Release;
		};
/* End XCBuildConfiguration section */

/* Begin XCConfigurationList section */
		FAB0B3DF2FD96CD10097D243 /* Build configuration list for PBXProject "PeopelInteractiveAssessDeveshPandeyIOS" */ = {
			isa = XCConfigurationList;
			buildConfigurations = (
				FAB0B4032FD96CD40097D243 /* Debug */,
				FAB0B4042FD96CD40097D243 /* Release */,
			);
			defaultConfigurationIsVisible = 0;
			defaultConfigurationName = Release;
		};
		FAB0B4052FD96CD40097D243 /* Build configuration list for PBXNativeTarget "PeopelInteractiveAssessDeveshPandeyIOS" */ = {
			isa = XCConfigurationList;
			buildConfigurations = (
				FAB0B4062FD96CD40097D243 /* Debug */,
				FAB0B4072FD96CD40097D243 /* Release */,
			);
			defaultConfigurationIsVisible = 0;
			defaultConfigurationName = Release;
		};
		FAB0B4082FD96CD40097D243 /* Build configuration list for PBXNativeTarget "PeopelInteractiveAssessDeveshPandeyIOSTests" */ = {
			isa = XCConfigurationList;
			buildConfigurations = (
				FAB0B4092FD96CD40097D243 /* Debug */,
				FAB0B40A2FD96CD40097D243 /* Release */,
			);
			defaultConfigurationIsVisible = 0;
			defaultConfigurationName = Release;
		};
		FAB0B40B2FD96CD40097D243 /* Build configuration list for PBXNativeTarget "PeopelInteractiveAssessDeveshPandeyIOSUITests" */ = {
			isa = XCConfigurationList;
			buildConfigurations = (
				FAB0B40C2FD96CD40097D243 /* Debug */,
				FAB0B40D2FD96CD40097D243 /* Release */,
			);
			defaultConfigurationIsVisible = 0;
			defaultConfigurationName = Release;
		};
/* End XCConfigurationList section */

/* Begin XCRemoteSwiftPackageReference section */
		FAD506682FD9EEE300579162 /* XCRemoteSwiftPackageReference "SDWebImageSwiftUI" */ = {
			isa = XCRemoteSwiftPackageReference;
			repositoryURL = "https://github.com/SDWebImage/SDWebImageSwiftUI";
			requirement = {
				kind = upToNextMajorVersion;
				minimumVersion = 3.1.4;
			};
		};
/* End XCRemoteSwiftPackageReference section */

/* Begin XCSwiftPackageProductDependency section */
		FAD506692FD9EEE300579162 /* SDWebImageSwiftUI */ = {
			isa = XCSwiftPackageProductDependency;
			package = FAD506682FD9EEE300579162 /* XCRemoteSwiftPackageReference "SDWebImageSwiftUI" */;
			productName = SDWebImageSwiftUI;
		};
/* End XCSwiftPackageProductDependency section */
	};
	rootObject = FAB0B3DC2FD96CD10097D243 /* Project object */;
}
